
Microsoft Visual Studio Solution File, Format Version 12.00
# Visual Studio Version 17
VisualStudioVersion = 17.5.002.0
MinimumVisualStudioVersion = 10.0.40219.1
Project("{9A19103F-16F7-4668-BE54-9A1E7A4F7556}") = "AOCDay1", "AOCDay1\AOCDay1.csproj", "{398EF4B6-C4A9-40DB-BA1E-88134EA56430}"
EndProject
Project("{FAE04EC0-301F-11D3-BF4B-00C04F79EFBC}") = "AOCDay1.Tests", "AOCDay1.Tests\AOCDay1.Tests.csproj", "{4C0F16A4-CAB4-4F55-BCCB-31F23F34052F}"
EndProject
Project("{FAE04EC0-301F-11D3-BF4B-00C04F79EFBC}") = "AOCDay2", "AOCDay2\AOCDay2.csproj", "{FC05F88A-5CC5-46A4-9EE2-01C0A7B6D2B4}"
EndProject
Project("{FAE04EC0-301F-11D3-BF4B-00C04F79EFBC}") = "AOCDay3", "AOCDay3\AOCDay3.csproj", "{9235B40A-72FB-44C1-BC92-7A59E2317B91}"
EndProject
Global
	GlobalSection(SolutionConfigurationPlatforms) = preSolution
		Debug|Any CPU = Debug|Any CPU
		Release|Any CPU = Release|Any CPU
	EndGlobalSection
	GlobalSection(ProjectConfigurationPlatforms) = postSolution
		{398EF4B6-C4A9-40DB-BA1E-88134EA56430}.Debug|Any CPU.ActiveCfg = Debug|Any CPU
		{398EF4B6-C4A9-40DB-BA1E-88134EA56430}.Debug|Any CPU.Build.0 = Debug|Any CPU
		{398EF4B6-C4A9-40DB-BA1E-88134EA56430}.Release|Any CPU.ActiveCfg = Release|Any CPU
		{398EF4B6-C4A9-40DB-BA1E-88134EA56430}.Release|Any CPU.Build.0 = Release|Any CPU
		{4C0F16A4-CAB4-4F55-BCCB-31F23F34052F}.Debug|Any CPU.ActiveCfg = Debug|Any CPU
		{4C0F16A4-CAB4-4F55-BCCB-31F23F34052F}.Debug|Any CPU.Build.0 = Debug|Any CPU
		{4C0F16A4-CAB4-4F55-BCCB-31F23F34052F}.Release|Any CPU.ActiveCfg = Release|Any CPU
		{4C0F16A4-CAB4-4F55-BCCB-31F23F34052F}.Release|Any CPU.Build.0 = Release|Any CPU
		{FC05F88A-5CC5-46A4-9EE2-01C0A7B6D2B4}.Debug|Any CPU.ActiveCfg = Debug|Any CPU
		{FC05F88A-5CC5-46A4-9EE2-01C0A7B6D2B4}.Debug|Any CPU.Build.0 = Debug|Any CPU
		{FC05F88A-5CC5-46A4-9EE2-01C0A7B6D2B4}.Release|Any CPU.ActiveCfg = Release|Any CPU
		{FC05F88A-5CC5-46A4-9EE2-01C0A7B6D2B4}.Release|Any CPU.Build.0 = Release|Any CPU
		{9235B40A-72FB-44C1-BC92-7A59E2317B91}.Debug|Any CPU.ActiveCfg = Debug|Any CPU
		{9235B40A-72FB-44C1-BC92-7A59E2317B91}.Debug|Any CPU.Build.0 = Debug|Any CPU
		{9235B40A-72FB-44C1-BC92-7A59E2317B91}.Release|Any CPU.ActiveCfg = Release|Any CPU
		{9235B40A-72FB-44C1-BC92-7A59E2317B91}.Release|Any CPU.Build.0 = Release|Any CPU
	EndGlobalSection
	GlobalSection(SolutionProperties) = preSolution
		HideSolutionNode = FALSE
	EndGlobalSection
	GlobalSection(ExtensibilityGlobals) = postSolution
		SolutionGuid = {18DE4B17-BA86-4D19-88CB-7193ED96893B}
	EndGlobalSection
EndGlobal
